
Microsoft Visual Studio Solution File, Format Version 12.00
# Visual Studio Version 17
VisualStudioVersion = 17.0.32126.317
MinimumVisualStudioVersion = 10.0.40219.1
Project("{FAE04EC0-301F-11D3-BF4B-00C04F79EFBC}") = "ChatApp", "ChatApp\ChatApp.csproj", "{77F3A527-639E-4175-B067-D6D8184CF2A1}"
EndProject
Project("{9A19103F-16F7-4668-BE54-9A1E7A4F7556}") = "P132Pustok", "..\P132Pustok\P132Pustok\P132Pustok.csproj", "{F9CA335D-0652-4D37-99D6-2A4B163B5203}"
EndProject
Global
	GlobalSection(SolutionConfigurationPlatforms) = preSolution
		Debug|Any CPU = Debug|Any CPU
		Release|Any CPU = Release|Any CPU
	EndGlobalSection
	GlobalSection(ProjectConfigurationPlatforms) = postSolution
		{77F3A527-639E-4175-B067-D6D8184CF2A1}.Debug|Any CPU.ActiveCfg = Debug|Any CPU
		{77F3A527-639E-4175-B067-D6D8184CF2A1}.Debug|Any CPU.Build.0 = Debug|Any CPU
		{77F3A527-639E-4175-B067-D6D8184CF2A1}.Release|Any CPU.ActiveCfg = Release|Any CPU
		{77F3A527-639E-4175-B067-D6D8184CF2A1}.Release|Any CPU.Build.0 = Release|Any CPU
		{F9CA335D-0652-4D37-99D6-2A4B163B5203}.Debug|Any CPU.ActiveCfg = Debug|Any CPU
		{F9CA335D-0652-4D37-99D6-2A4B163B5203}.Debug|Any CPU.Build.0 = Debug|Any CPU
		{F9CA335D-0652-4D37-99D6-2A4B163B5203}.Release|Any CPU.ActiveCfg = Release|Any CPU
		{F9CA335D-0652-4D37-99D6-2A4B163B5203}.Release|Any CPU.Build.0 = Release|Any CPU
	EndGlobalSection
	GlobalSection(SolutionProperties) = preSolution
		HideSolutionNode = FALSE
	EndGlobalSection
	GlobalSection(ExtensibilityGlobals) = postSolution
		SolutionGuid = {96616E30-5574-4ACA-99C8-A19DE5D83B37}
	EndGlobalSection
EndGlobal
